
Microsoft Visual Studio Solution File, Format Version 12.00
# Visual Studio Version 17
VisualStudioVersion = 17.1.32328.378
MinimumVisualStudioVersion = 10.0.40219.1
Project("{FAE04EC0-301F-11D3-BF4B-00C04F79EFBC}") = "HistoryApi", "HistoryApi\HistoryApi.csproj", "{8B474F6F-12EF-46F9-9182-9E0A7E0C4B0E}"
EndProject
Global
	GlobalSection(SolutionConfigurationPlatforms) = preSolution
		Debug|Any CPU = Debug|Any CPU
		Release|Any CPU = Release|Any CPU
	EndGlobalSection
	GlobalSection(ProjectConfigurationPlatforms) = postSolution
		{8B474F6F-12EF-46F9-9182-9E0A7E0C4B0E}.Debug|Any CPU.ActiveCfg = Debug|Any CPU
		{8B474F6F-12EF-46F9-9182-9E0A7E0C4B0E}.Debug|Any CPU.Build.0 = Debug|Any CPU
		{8B474F6F-12EF-46F9-9182-9E0A7E0C4B0E}.Release|Any CPU.ActiveCfg = Release|Any CPU
		{8B474F6F-12EF-46F9-9182-9E0A7E0C4B0E}.Release|Any CPU.Build.0 = Release|Any CPU
	EndGlobalSection
	GlobalSection(SolutionProperties) = preSolution
		HideSolutionNode = FALSE
	EndGlobalSection
	GlobalSection(ExtensibilityGlobals) = postSolution
		SolutionGuid = {76B51D72-16DA-482D-9C3B-4F5A4F28B966}
	EndGlobalSection
EndGlobal
